
Microsoft Visual Studio Solution File, Format Version 12.00
# Visual Studio Version 17
VisualStudioVersion = 17.11.35222.181
MinimumVisualStudioVersion = 10.0.40219.1
Project("{FAE04EC0-301F-11D3-BF4B-00C04F79EFBC}") = "CandidateManagement_NguyenPhuongTamTam", "CandidateManagement_NguyenPhuongTamTam\CandidateManagement_NguyenPhuongTamTam.csproj", "{FDDFF7A8-D38F-4E28-B881-82B6508EE75D}"
EndProject
Project("{FAE04EC0-301F-11D3-BF4B-00C04F79EFBC}") = "Candidate_BusinessObjects", "Candidate_BusinessObjects\Candidate_BusinessObjects.csproj", "{A8FFFF63-9902-4362-974E-BFE2B3126326}"
EndProject
Project("{FAE04EC0-301F-11D3-BF4B-00C04F79EFBC}") = "Candidate_DAOs", "Candidate_DAOs\Candidate_DAOs.csproj", "{20F6869E-8B9C-42D0-82CA-12F439EA30D9}"
EndProject
Project("{FAE04EC0-301F-11D3-BF4B-00C04F79EFBC}") = "Candidate_Repository", "Candidate_Repository\Candidate_Repository.csproj", "{ACCC7E91-0863-4B79-948E-65511D6C89BB}"
EndProject
Project("{FAE04EC0-301F-11D3-BF4B-00C04F79EFBC}") = "Candidate_Services", "Candidate_Services\Candidate_Services.csproj", "{37AE70DF-9E2C-4063-A8EB-BFF9E6B1F9FC}"
EndProject
Global
	GlobalSection(SolutionConfigurationPlatforms) = preSolution
		Debug|Any CPU = Debug|Any CPU
		Release|Any CPU = Release|Any CPU
	EndGlobalSection
	GlobalSection(ProjectConfigurationPlatforms) = postSolution
		{FDDFF7A8-D38F-4E28-B881-82B6508EE75D}.Debug|Any CPU.ActiveCfg = Debug|Any CPU
		{FDDFF7A8-D38F-4E28-B881-82B6508EE75D}.Debug|Any CPU.Build.0 = Debug|Any CPU
		{FDDFF7A8-D38F-4E28-B881-82B6508EE75D}.Release|Any CPU.ActiveCfg = Release|Any CPU
		{FDDFF7A8-D38F-4E28-B881-82B6508EE75D}.Release|Any CPU.Build.0 = Release|Any CPU
		{A8FFFF63-9902-4362-974E-BFE2B3126326}.Debug|Any CPU.ActiveCfg = Debug|Any CPU
		{A8FFFF63-9902-4362-974E-BFE2B3126326}.Debug|Any CPU.Build.0 = Debug|Any CPU
		{A8FFFF63-9902-4362-974E-BFE2B3126326}.Release|Any CPU.ActiveCfg = Release|Any CPU
		{A8FFFF63-9902-4362-974E-BFE2B3126326}.Release|Any CPU.Build.0 = Release|Any CPU
		{20F6869E-8B9C-42D0-82CA-12F439EA30D9}.Debug|Any CPU.ActiveCfg = Debug|Any CPU
		{20F6869E-8B9C-42D0-82CA-12F439EA30D9}.Debug|Any CPU.Build.0 = Debug|Any CPU
		{20F6869E-8B9C-42D0-82CA-12F439EA30D9}.Release|Any CPU.ActiveCfg = Release|Any CPU
		{20F6869E-8B9C-42D0-82CA-12F439EA30D9}.Release|Any CPU.Build.0 = Release|Any CPU
		{ACCC7E91-0863-4B79-948E-65511D6C89BB}.Debug|Any CPU.ActiveCfg = Debug|Any CPU
		{ACCC7E91-0863-4B79-948E-65511D6C89BB}.Debug|Any CPU.Build.0 = Debug|Any CPU
		{ACCC7E91-0863-4B79-948E-65511D6C89BB}.Release|Any CPU.ActiveCfg = Release|Any CPU
		{ACCC7E91-0863-4B79-948E-65511D6C89BB}.Release|Any CPU.Build.0 = Release|Any CPU
		{37AE70DF-9E2C-4063-A8EB-BFF9E6B1F9FC}.Debug|Any CPU.ActiveCfg = Debug|Any CPU
		{37AE70DF-9E2C-4063-A8EB-BFF9E6B1F9FC}.Debug|Any CPU.Build.0 = Debug|Any CPU
		{37AE70DF-9E2C-4063-A8EB-BFF9E6B1F9FC}.Release|Any CPU.ActiveCfg = Release|Any CPU
		{37AE70DF-9E2C-4063-A8EB-BFF9E6B1F9FC}.Release|Any CPU.Build.0 = Release|Any CPU
	EndGlobalSection
	GlobalSection(SolutionProperties) = preSolution
		HideSolutionNode = FALSE
	EndGlobalSection
	GlobalSection(ExtensibilityGlobals) = postSolution
		SolutionGuid = {3D245486-8CA3-4DD6-8A81-732D53D7C4C7}
	EndGlobalSection
EndGlobal
